
Microsoft Visual Studio Solution File, Format Version 12.00
# Visual Studio Version 16
VisualStudioVersion = 16.0.30128.74
MinimumVisualStudioVersion = 10.0.40219.1
Project("{FAE04EC0-301F-11D3-BF4B-00C04F79EFBC}") = "Patterns", "Patterns\Patterns.csproj", "{B5350010-CB3A-473D-8247-A562480022E6}"
EndProject
Project("{FAE04EC0-301F-11D3-BF4B-00C04F79EFBC}") = "hw1", "hw1\hw1.csproj", "{F4321CCF-DC72-4B6D-85FB-340E61E14FAE}"
EndProject
Project("{FAE04EC0-301F-11D3-BF4B-00C04F79EFBC}") = "hw-2", "hw-2\hw-2.csproj", "{D93842B4-A58F-46F5-BF8C-016B1B53B5EB}"
EndProject
Project("{FAE04EC0-301F-11D3-BF4B-00C04F79EFBC}") = "hw3", "hw3\hw3.csproj", "{AEEFA2CE-4BE1-4B46-9DD8-D13D06D53C0A}"
EndProject
Project("{FAE04EC0-301F-11D3-BF4B-00C04F79EFBC}") = "hw4", "hw4\hw4.csproj", "{D4508FCA-45B3-4F12-9E48-3F0D194D65C0}"
EndProject
Project("{FAE04EC0-301F-11D3-BF4B-00C04F79EFBC}") = "hw5", "hw5\hw5.csproj", "{AAF6416A-11D6-4F63-8BB7-D3F891496949}"
EndProject
Project("{FAE04EC0-301F-11D3-BF4B-00C04F79EFBC}") = "hw6", "hw6\hw6.csproj", "{A0250DAE-D644-41EF-A1B9-4498CB7F48EA}"
EndProject
Project("{FAE04EC0-301F-11D3-BF4B-00C04F79EFBC}") = "hw7", "hw7\hw7.csproj", "{330D61BB-F48E-4A5A-837E-8B1CF9AFBE78}"
EndProject
Project("{FAE04EC0-301F-11D3-BF4B-00C04F79EFBC}") = "hw8", "hw8\hw8.csproj", "{682CF37E-ACB1-4A0A-A99D-ACE0E38B22FF}"
EndProject
Global
	GlobalSection(SolutionConfigurationPlatforms) = preSolution
		Debug|Any CPU = Debug|Any CPU
		Release|Any CPU = Release|Any CPU
	EndGlobalSection
	GlobalSection(ProjectConfigurationPlatforms) = postSolution
		{B5350010-CB3A-473D-8247-A562480022E6}.Debug|Any CPU.ActiveCfg = Debug|Any CPU
		{B5350010-CB3A-473D-8247-A562480022E6}.Debug|Any CPU.Build.0 = Debug|Any CPU
		{B5350010-CB3A-473D-8247-A562480022E6}.Release|Any CPU.ActiveCfg = Release|Any CPU
		{B5350010-CB3A-473D-8247-A562480022E6}.Release|Any CPU.Build.0 = Release|Any CPU
		{F4321CCF-DC72-4B6D-85FB-340E61E14FAE}.Debug|Any CPU.ActiveCfg = Debug|Any CPU
		{F4321CCF-DC72-4B6D-85FB-340E61E14FAE}.Debug|Any CPU.Build.0 = Debug|Any CPU
		{F4321CCF-DC72-4B6D-85FB-340E61E14FAE}.Release|Any CPU.ActiveCfg = Release|Any CPU
		{F4321CCF-DC72-4B6D-85FB-340E61E14FAE}.Release|Any CPU.Build.0 = Release|Any CPU
		{D93842B4-A58F-46F5-BF8C-016B1B53B5EB}.Debug|Any CPU.ActiveCfg = Debug|Any CPU
		{D93842B4-A58F-46F5-BF8C-016B1B53B5EB}.Debug|Any CPU.Build.0 = Debug|Any CPU
		{D93842B4-A58F-46F5-BF8C-016B1B53B5EB}.Release|Any CPU.ActiveCfg = Release|Any CPU
		{D93842B4-A58F-46F5-BF8C-016B1B53B5EB}.Release|Any CPU.Build.0 = Release|Any CPU
		{AEEFA2CE-4BE1-4B46-9DD8-D13D06D53C0A}.Debug|Any CPU.ActiveCfg = Debug|Any CPU
		{AEEFA2CE-4BE1-4B46-9DD8-D13D06D53C0A}.Debug|Any CPU.Build.0 = Debug|Any CPU
		{AEEFA2CE-4BE1-4B46-9DD8-D13D06D53C0A}.Release|Any CPU.ActiveCfg = Release|Any CPU
		{AEEFA2CE-4BE1-4B46-9DD8-D13D06D53C0A}.Release|Any CPU.Build.0 = Release|Any CPU
		{D4508FCA-45B3-4F12-9E48-3F0D194D65C0}.Debug|Any CPU.ActiveCfg = Debug|Any CPU
		{D4508FCA-45B3-4F12-9E48-3F0D194D65C0}.Debug|Any CPU.Build.0 = Debug|Any CPU
		{D4508FCA-45B3-4F12-9E48-3F0D194D65C0}.Release|Any CPU.ActiveCfg = Release|Any CPU
		{D4508FCA-45B3-4F12-9E48-3F0D194D65C0}.Release|Any CPU.Build.0 = Release|Any CPU
		{AAF6416A-11D6-4F63-8BB7-D3F891496949}.Debug|Any CPU.ActiveCfg = Debug|Any CPU
		{AAF6416A-11D6-4F63-8BB7-D3F891496949}.Debug|Any CPU.Build.0 = Debug|Any CPU
		{AAF6416A-11D6-4F63-8BB7-D3F891496949}.Release|Any CPU.ActiveCfg = Release|Any CPU
		{AAF6416A-11D6-4F63-8BB7-D3F891496949}.Release|Any CPU.Build.0 = Release|Any CPU
		{A0250DAE-D644-41EF-A1B9-4498CB7F48EA}.Debug|Any CPU.ActiveCfg = Debug|Any CPU
		{A0250DAE-D644-41EF-A1B9-4498CB7F48EA}.Debug|Any CPU.Build.0 = Debug|Any CPU
		{A0250DAE-D644-41EF-A1B9-4498CB7F48EA}.Release|Any CPU.ActiveCfg = Release|Any CPU
		{A0250DAE-D644-41EF-A1B9-4498CB7F48EA}.Release|Any CPU.Build.0 = Release|Any CPU
		{330D61BB-F48E-4A5A-837E-8B1CF9AFBE78}.Debug|Any CPU.ActiveCfg = Debug|Any CPU
		{330D61BB-F48E-4A5A-837E-8B1CF9AFBE78}.Debug|Any CPU.Build.0 = Debug|Any CPU
		{330D61BB-F48E-4A5A-837E-8B1CF9AFBE78}.Release|Any CPU.ActiveCfg = Release|Any CPU
		{330D61BB-F48E-4A5A-837E-8B1CF9AFBE78}.Release|Any CPU.Build.0 = Release|Any CPU
		{682CF37E-ACB1-4A0A-A99D-ACE0E38B22FF}.Debug|Any CPU.ActiveCfg = Debug|Any CPU
		{682CF37E-ACB1-4A0A-A99D-ACE0E38B22FF}.Debug|Any CPU.Build.0 = Debug|Any CPU
		{682CF37E-ACB1-4A0A-A99D-ACE0E38B22FF}.Release|Any CPU.ActiveCfg = Release|Any CPU
		{682CF37E-ACB1-4A0A-A99D-ACE0E38B22FF}.Release|Any CPU.Build.0 = Release|Any CPU
	EndGlobalSection
	GlobalSection(SolutionProperties) = preSolution
		HideSolutionNode = FALSE
	EndGlobalSection
	GlobalSection(ExtensibilityGlobals) = postSolution
		SolutionGuid = {9926F3D6-3313-4A6C-88DA-7545E2EAB64F}
	EndGlobalSection
EndGlobal
